
Microsoft Visual Studio Solution File, Format Version 12.00
# Visual Studio Version 16
VisualStudioVersion = 16.0.29519.87
MinimumVisualStudioVersion = 10.0.40219.1
Project("{FAE04EC0-301F-11D3-BF4B-00C04F79EFBC}") = "LabelMaker", "LabelMaker\LabelMaker.csproj", "{FEADCDAE-B667-484F-9AC5-648CC5FD106A}"
EndProject
Global
	GlobalSection(SolutionConfigurationPlatforms) = preSolution
		Debug|Any CPU = Debug|Any CPU
		Release|Any CPU = Release|Any CPU
	EndGlobalSection
	GlobalSection(ProjectConfigurationPlatforms) = postSolution
		{FEADCDAE-B667-484F-9AC5-648CC5FD106A}.Debug|Any CPU.ActiveCfg = Debug|Any CPU
		{FEADCDAE-B667-484F-9AC5-648CC5FD106A}.Debug|Any CPU.Build.0 = Debug|Any CPU
		{FEADCDAE-B667-484F-9AC5-648CC5FD106A}.Release|Any CPU.ActiveCfg = Release|Any CPU
		{FEADCDAE-B667-484F-9AC5-648CC5FD106A}.Release|Any CPU.Build.0 = Release|Any CPU
	EndGlobalSection
	GlobalSection(SolutionProperties) = preSolution
		HideSolutionNode = FALSE
	EndGlobalSection
	GlobalSection(ExtensibilityGlobals) = postSolution
		SolutionGuid = {36B2B983-322C-4E66-9DC6-1EFFD30FB8E8}
	EndGlobalSection
EndGlobal
